{
  "version": 4,
  "terraform_version": "1.11.2",
  "serial": 130,
  "lineage": "be5a879f-c8aa-a5fb-e2d6-2380119d1907",
  "outputs": {},
  "resources": [
    {
      "module": "module.ec2",
      "mode": "managed",
      "type": "aws_instance",
      "name": "web_server",
      "provider": "provider[\"registry.terraform.io/hashicorp/aws\"]",
      "instances": [
        {
          "schema_version": 1,
          "attributes": {
            "ami": "ami-060a84cbcb5c14844",
            "arn": "arn:aws:ec2:us-east-2:233752784223:instance/i-0668922a9b0e784ab",
            "associate_public_ip_address": true,
            "availability_zone": "us-east-2a",
            "capacity_reservation_specification": [
              {
                "capacity_reservation_preference": "open",
                "capacity_reservation_target": []
              }
            ],
            "cpu_core_count": 1,
            "cpu_options": [
              {
                "amd_sev_snp": "",
                "core_count": 1,
                "threads_per_core": 1
              }
            ],
            "cpu_threads_per_core": 1,
            "credit_specification": [
              {
                "cpu_credits": "standard"
              }
            ],
            "disable_api_stop": false,
            "disable_api_termination": false,
            "ebs_block_device": [],
            "ebs_optimized": false,
            "enable_primary_ipv6": null,
            "enclave_options": [
              {
                "enabled": false
              }
            ],
            "ephemeral_block_device": [],
            "get_password_data": false,
            "hibernation": false,
            "host_id": "",
            "host_resource_group_arn": null,
            "iam_instance_profile": "devops_dev_EC2Profile",
            "id": "i-0668922a9b0e784ab",
            "instance_initiated_shutdown_behavior": "stop",
            "instance_lifecycle": "",
            "instance_market_options": [],
            "instance_state": "running",
            "instance_type": "t2.micro",
            "ipv6_address_count": 0,
            "ipv6_addresses": [],
            "key_name": "devops_dev_ec2_key_pair",
            "launch_template": [],
            "maintenance_options": [
              {
                "auto_recovery": "default"
              }
            ],
            "metadata_options": [
              {
                "http_endpoint": "enabled",
                "http_protocol_ipv6": "disabled",
                "http_put_response_hop_limit": 2,
                "http_tokens": "required",
                "instance_metadata_tags": "disabled"
              }
            ],
            "monitoring": false,
            "network_interface": [],
            "outpost_arn": "",
            "password_data": "",
            "placement_group": "",
            "placement_partition_number": 0,
            "primary_network_interface_id": "eni-06bd1a52b51a87d6f",
            "private_dns": "ip-10-0-1-200.us-east-2.compute.internal",
            "private_dns_name_options": [
              {
                "enable_resource_name_dns_a_record": false,
                "enable_resource_name_dns_aaaa_record": false,
                "hostname_type": "ip-name"
              }
            ],
            "private_ip": "10.0.1.200",
            "public_dns": "ec2-3-136-26-69.us-east-2.compute.amazonaws.com",
            "public_ip": "3.136.26.69",
            "root_block_device": [
              {
                "delete_on_termination": true,
                "device_name": "/dev/xvda",
                "encrypted": false,
                "iops": 3000,
                "kms_key_id": "",
                "tags": {},
                "tags_all": {},
                "throughput": 125,
                "volume_id": "vol-08c8d3660bbd67bc1",
                "volume_size": 8,
                "volume_type": "gp3"
              }
            ],
            "secondary_private_ips": [],
            "security_groups": [],
            "source_dest_check": true,
            "spot_instance_request_id": "",
            "subnet_id": "subnet-0611e5220c04fad9f",
            "tags": {
              "Environment": "dev",
              "Name": "devops-dev-web-server",
              "Project": "devops"
            },
            "tags_all": {
              "Environment": "dev",
              "Name": "devops-dev-web-server",
              "Project": "devops"
            },
            "tenancy": "default",
            "timeouts": null,
            "user_data": "5a46486cafe705fc6883c526df29b111039831f7",
            "user_data_base64": null,
            "user_data_replace_on_change": false,
            "volume_tags": null,
            "vpc_security_group_ids": [
              "sg-015b34c469a37cfdc"
            ]
          },
          "sensitive_attributes": [],
          "private": "eyJlMmJmYjczMC1lY2FhLTExZTYtOGY4OC0zNDM2M2JjN2M0YzAiOnsiY3JlYXRlIjo2MDAwMDAwMDAwMDAsImRlbGV0ZSI6MTIwMDAwMDAwMDAwMCwicmVhZCI6OTAwMDAwMDAwMDAwLCJ1cGRhdGUiOjYwMDAwMDAwMDAwMH0sInNjaGVtYV92ZXJzaW9uIjoiMSJ9",
          "dependencies": [
            "module.ec2_key_pair.aws_key_pair.ec2_key_pair",
            "module.ec2_key_pair.tls_private_key.ec2_key_pair",
            "module.iam.aws_iam_instance_profile.ec2_profile",
            "module.iam.aws_iam_role.ec2_access_s3_role",
            "module.main.aws_subnet.public_a",
            "module.main.aws_vpc.main",
            "module.security_group.aws_security_group.ec2_access_sg"
          ]
        }
      ]
    },
    {
      "module": "module.ec2_key_pair",
      "mode": "managed",
      "type": "aws_key_pair",
      "name": "ec2_key_pair",
      "provider": "provider[\"registry.terraform.io/hashicorp/aws\"]",
      "instances": [
        {
          "schema_version": 1,
          "attributes": {
            "arn": "arn:aws:ec2:us-east-2:233752784223:key-pair/devops_dev_ec2_key_pair",
            "fingerprint": "bd:97:85:34:24:ac:18:de:99:7d:17:1e:fa:04:d3:ce",
            "id": "devops_dev_ec2_key_pair",
            "key_name": "devops_dev_ec2_key_pair",
            "key_name_prefix": "",
            "key_pair_id": "key-0f81e4e5ff18960c9",
            "key_type": "rsa",
            "public_key": "ssh-rsa AAAAB3NzaC1yc2EAAAADAQABAAACAQDfRN0DkEA5FWg1aGVZY/ETZJaSKP1CAGbXJIc4Xy7X41AmsGDX3DLET1LoBbG0AQnU9B4XBQVUoJ22exPCkdQXtRSqBrg2aYc5yt+6gduH19swpl0RYqOIJDVDDKnglbhW/uM3jw21xMiKSSopydhvg77Qmj9X5Lhs505MzNMGwR1i9NCVV/BMdbOREmTcKPehHesrwNtwsvM37AJZQqlmqEhm4UMNpLZnHu+XmkC8H18trrRujzXYCok1IphwATgwUiWiTaQa2mlvUHmfjjJkf+CHKwlLm8q9VJwH6VMaHRH8h6WUubpbAyJvnPQp8Rx/x/N+spa5A0s4oeCIK3BJeGCql0AFMcrAl3MKbRC2b7lxwgrg5AGBEMcnU0AesaeprfYNqROR57mdgtagWH565sU1FscMjcI3ID1uACOiQq2CzoCaL1FT3YtykM7Z2OTZjMXhHXJKw/WEsy2uws3CFfNh55jyMFKdLFZTJ9Yb9ybUwN2NBCzrhUajkBTOMsKPrdMYgb6mbvnECUpKQAawfwk3zb3ITqM2UIwsQwDwChhrO4IZi+e4TF+YY8Kqa/W+3SU9jerfkF79cnCqOlV3Z101eFngTi1hsRp7/enhHiDElKu+dS47w7Dr+YXMPNmhQeJtOO2Gna/W6W3RnzHiJeeUXIxLf9ONtrDJo+469Q==",
            "tags": {},
            "tags_all": {}
          },
          "sensitive_attributes": [],
          "private": "eyJzY2hlbWFfdmVyc2lvbiI6IjEifQ==",
          "dependencies": [
            "module.ec2_key_pair.tls_private_key.ec2_key_pair"
          ]
        }
      ]
    },
    {
      "module": "module.ec2_key_pair",
      "mode": "managed",
      "type": "tls_private_key",
      "name": "ec2_key_pair",
      "provider": "provider[\"registry.terraform.io/hashicorp/tls\"]",
      "instances": [
        {
          "schema_version": 1,
          "attributes": {
            "algorithm": "RSA",
            "ecdsa_curve": "P224",
            "id": "126c1139bc86dc5400d622d3ca0e6ecc2583ed2e",
            "private_key_openssh": "-----BEGIN OPENSSH PRIVATE KEY-----\nb3BlbnNzaC1rZXktdjEAAAAABG5vbmUAAAAEbm9uZQAAAAAAAAABAAACFwAAAAdz\nc2gtcnNhAAAAAwEAAQAAAgEA30TdA5BAORVoNWhlWWPxE2SWkij9QgBm1ySHOF8u\n1+NQJrBg19wyxE9S6AWxtAEJ1PQeFwUFVKCdtnsTwpHUF7UUqga4NmmHOcrfuoHb\nh9fbMKZdEWKjiCQ1Qwyp4JW4Vv7jN48NtcTIikkqKcnYb4O+0Jo/V+S4bOdOTMzT\nBsEdYvTQlVfwTHWzkRJk3Cj3oR3rK8DbcLLzN+wCWUKpZqhIZuFDDaS2Zx7vl5pA\nvB9fLa60bo812AqJNSKYcAE4MFIlok2kGtppb1B5n44yZH/ghysJS5vKvVScB+lT\nGh0R/IellLm6WwMib5z0KfEcf8fzfrKWuQNLOKHgiCtwSXhgqpdABTHKwJdzCm0Q\ntm+5ccIK4OQBgRDHJ1NAHrGnqa32DakTkee5nYLWoFh+eubFNRbHDI3CNyA9bgAj\nokKtgs6Ami9RU92LcpDO2djk2YzF4R1ySsP1hLMtrsLNwhXzYeeY8jBSnSxWUyfW\nG/cm1MDdjQQs64VGo5AUzjLCj63TGIG+pm75xAlKSkAGsH8JN829yE6jNlCMLEMA\n8AoYazuCGYvnuExfmGPCqmv1vt0lPY3q35Be/XJwqjpVd2ddNXhZ4E4tYbEae/3p\n4R4gxJSrvnUuO8Ow6/mFzDzZoUHibTjthp2v1ult0Z8x4iXnlFyMS3/TjbawyaPu\nOvUAAAc4QhpGGUIaRhkAAAAHc3NoLXJzYQAAAgEA30TdA5BAORVoNWhlWWPxE2SW\nkij9QgBm1ySHOF8u1+NQJrBg19wyxE9S6AWxtAEJ1PQeFwUFVKCdtnsTwpHUF7UU\nqga4NmmHOcrfuoHbh9fbMKZdEWKjiCQ1Qwyp4JW4Vv7jN48NtcTIikkqKcnYb4O+\n0Jo/V+S4bOdOTMzTBsEdYvTQlVfwTHWzkRJk3Cj3oR3rK8DbcLLzN+wCWUKpZqhI\nZuFDDaS2Zx7vl5pAvB9fLa60bo812AqJNSKYcAE4MFIlok2kGtppb1B5n44yZH/g\nhysJS5vKvVScB+lTGh0R/IellLm6WwMib5z0KfEcf8fzfrKWuQNLOKHgiCtwSXhg\nqpdABTHKwJdzCm0Qtm+5ccIK4OQBgRDHJ1NAHrGnqa32DakTkee5nYLWoFh+eubF\nNRbHDI3CNyA9bgAjokKtgs6Ami9RU92LcpDO2djk2YzF4R1ySsP1hLMtrsLNwhXz\nYeeY8jBSnSxWUyfWG/cm1MDdjQQs64VGo5AUzjLCj63TGIG+pm75xAlKSkAGsH8J\nN829yE6jNlCMLEMA8AoYazuCGYvnuExfmGPCqmv1vt0lPY3q35Be/XJwqjpVd2dd\nNXhZ4E4tYbEae/3p4R4gxJSrvnUuO8Ow6/mFzDzZoUHibTjthp2v1ult0Z8x4iXn\nlFyMS3/TjbawyaPuOvUAAAADAQABAAACABjNslf2VeGBlVAe8ZNwB5TbSeGhmBvA\nUQHPAblWKa1mMr35k5NSLSRN7ldEZVd//ghLDm9e6WwGDpSlMQQekJde+0AK+xAL\nF9tobwPDRWYz/sUgK5qw1fCxRRGBKKYrO+K+R552eqlvhm/bwkleLniaWZUcbbO6\nqcUUyp1m69Kw8C4m0Gf8RaqDhkK0Q8GJnj5R7+cDx90fTucu2vFGTJd7qSofawRA\nVjCNPpodqC9otM7YZ8cYiydzFDHI+XJdUFFd7ucMWmd5TYPw8XII/rmCKKlw3dl+\ndz7NVYAzgD3tw3/Fz16pu3WSRZMXYVtUzpELikDQX5oyLtBzJgSP/tXq1oxymlcO\nZLKyjpqWaRKXWg6RGHbMkcexnc7VZ/7umYKZo/RbhpXkYQ6/QY9Xwlel/TgBplUU\nmCwOrSYGnGvvodikVuiPC7/9Q2SbOzRnfHmEzuUtE1dbYnGhxOZzfr2iOQltI+q6\n7tuym7qVMV88vqrSeZjvMMJToR0R+hEkfkH1OkvWO6TaFY3VSN7iwdf7GgU+YJ8n\nhFX98Uw4kmJvls5YCwQsgrZpWPF/m79eAvsxVYAm8/sYuyYLnrV1fEHBPBSrXGls\nCfjb7CtKcvrHFq/C2BTac6mhVbxiYYqVbqG5BUXf5iytb7UMru/QTvl1OdhXi3ep\ncI4xcpHQe/HJAAABAHmZkYxdRa4QkTTL+6wthg3jc58BmXLf/JYUNg1T5D29k4Da\n/51pP9cKWj2PDMfkgVt8IyHIZzqmOc8np1cqxmbRkfJ8Cs3JdaPHRDGYadacJtzW\niuZWfZk6lFF7p/Q4VCzyYPdEbQas+wGD0XdEr//X24pWKd+R/yLaiSSVxfK8BnMT\nSQKdmkY8CkQ3pqVdtNbD7k2WQmghdtjEN4CAQyMNDLo9vWa9TsjWM7rxl6mUkuO9\nWzQOFrOe6+8THdcHyDs3lp/nqhQC2kjVCUtuYtGjLJ8de5xQv5qXHlcxgJ0SS98n\n0y/Dfb9fMschKC19HwjMMVqTxyCnfeSXHeYpZhQAAAEBAPih8n+5OA4l9PG2Vog2\naldKaGf2ss86eUG1LpFo2oMdnBAGakJwyvAIDeenomyQz+5d0k/ejD2q5rTxBtzP\na7fHtA9nxyiEk/ok8ZXdpvgcuAkE0WJgf/ooviBQUb142iMum6a+RW8SxmnAq0qi\nKv562vFhG/JivKhlt7hqgFFAfvbSMi9/1c/kjF+4mw49To6JeUPXY4DvVikyeODz\ns/u5emmwvMDzOncQZeqSIvgOXrKJSLmXn+N+sxf4kn6sUKnZ0FZKxz1+Nc1iCdxo\nx5MA0QHriQQUP4kiVjbQralDY57fqB/Tjn7e9QvKiYZdBzCFpVCVwYaZIgTKjcTg\nfCMAAAEBAOXig+sf+jDNhWuyuTPucd4W7KSV0BfN77WPdZvKUKGqkhbBXZyWZbk2\nkqp6035mOQL3/ncsVmQc0sTBC1/ojWnOeV4XFN/IcmdBNrJsEPU9BQkYi0ooucqa\nmXcvfj8SbzFhL4VfQxl4/VDkYDgb5ikyuvjARwkOmeGQJGQPjcL2RTGvZ46H17XO\nc6RdJZvC9Qu8y9DWYGRIWF+KSc8aC3y2EtOBL7VzrICXsbExgLXO0F4nuun65cb1\nGi2rjgiItk+yldb8b0n+3OuVf9h50DelgySVUn1v0tf2cFgxoMHpHHrYPWFAWG4U\nhCJ2F9u9YCTIDuyzCHoBfsaeLbMEMgcAAAAAAQID\n-----END OPENSSH PRIVATE KEY-----\n",
            "private_key_pem": "-----BEGIN RSA PRIVATE KEY-----\nMIIJKAIBAAKCAgEA30TdA5BAORVoNWhlWWPxE2SWkij9QgBm1ySHOF8u1+NQJrBg\n19wyxE9S6AWxtAEJ1PQeFwUFVKCdtnsTwpHUF7UUqga4NmmHOcrfuoHbh9fbMKZd\nEWKjiCQ1Qwyp4JW4Vv7jN48NtcTIikkqKcnYb4O+0Jo/V+S4bOdOTMzTBsEdYvTQ\nlVfwTHWzkRJk3Cj3oR3rK8DbcLLzN+wCWUKpZqhIZuFDDaS2Zx7vl5pAvB9fLa60\nbo812AqJNSKYcAE4MFIlok2kGtppb1B5n44yZH/ghysJS5vKvVScB+lTGh0R/Iel\nlLm6WwMib5z0KfEcf8fzfrKWuQNLOKHgiCtwSXhgqpdABTHKwJdzCm0Qtm+5ccIK\n4OQBgRDHJ1NAHrGnqa32DakTkee5nYLWoFh+eubFNRbHDI3CNyA9bgAjokKtgs6A\nmi9RU92LcpDO2djk2YzF4R1ySsP1hLMtrsLNwhXzYeeY8jBSnSxWUyfWG/cm1MDd\njQQs64VGo5AUzjLCj63TGIG+pm75xAlKSkAGsH8JN829yE6jNlCMLEMA8AoYazuC\nGYvnuExfmGPCqmv1vt0lPY3q35Be/XJwqjpVd2ddNXhZ4E4tYbEae/3p4R4gxJSr\nvnUuO8Ow6/mFzDzZoUHibTjthp2v1ult0Z8x4iXnlFyMS3/TjbawyaPuOvUCAwEA\nAQKCAgAYzbJX9lXhgZVQHvGTcAeU20nhoZgbwFEBzwG5VimtZjK9+ZOTUi0kTe5X\nRGVXf/4ISw5vXulsBg6UpTEEHpCXXvtACvsQCxfbaG8Dw0VmM/7FICuasNXwsUUR\ngSimKzvivkeednqpb4Zv28JJXi54mlmVHG2zuqnFFMqdZuvSsPAuJtBn/EWqg4ZC\ntEPBiZ4+Ue/nA8fdH07nLtrxRkyXe6kqH2sEQFYwjT6aHagvaLTO2GfHGIsncxQx\nyPlyXVBRXe7nDFpneU2D8PFyCP65giipcN3Zfnc+zVWAM4A97cN/xc9eqbt1kkWT\nF2FbVM6RC4pA0F+aMi7QcyYEj/7V6taMcppXDmSyso6almkSl1oOkRh2zJHHsZ3O\n1Wf+7pmCmaP0W4aV5GEOv0GPV8JXpf04AaZVFJgsDq0mBpxr76HYpFbojwu//UNk\nmzs0Z3x5hM7lLRNXW2JxocTmc369ojkJbSPquu7bspu6lTFfPL6q0nmY7zDCU6Ed\nEfoRJH5B9TpL1juk2hWN1Uje4sHX+xoFPmCfJ4RV/fFMOJJib5bOWAsELIK2aVjx\nf5u/XgL7MVWAJvP7GLsmC561dXxBwTwUq1xpbAn42+wrSnL6xxavwtgU2nOpoVW8\nYmGKlW6huQVF3+YsrW+1DK7v0E75dTnYV4t3qXCOMXKR0HvxyQKCAQEA+KHyf7k4\nDiX08bZWiDZqV0poZ/ayzzp5QbUukWjagx2cEAZqQnDK8AgN56eibJDP7l3ST96M\nParmtPEG3M9rt8e0D2fHKIST+iTxld2m+By4CQTRYmB/+ii+IFBRvXjaIy6bpr5F\nbxLGacCrSqIq/nra8WEb8mK8qGW3uGqAUUB+9tIyL3/Vz+SMX7ibDj1Ojol5Q9dj\ngO9WKTJ44POz+7l6abC8wPM6dxBl6pIi+A5esolIuZef436zF/iSfqxQqdnQVkrH\nPX41zWIJ3GjHkwDRAeuJBBQ/iSJWNtCtqUNjnt+oH9OOft71C8qJhl0HMIWlUJXB\nhpkiBMqNxOB8IwKCAQEA5eKD6x/6MM2Fa7K5M+5x3hbspJXQF83vtY91m8pQoaqS\nFsFdnJZluTaSqnrTfmY5Avf+dyxWZBzSxMELX+iNac55XhcU38hyZ0E2smwQ9T0F\nCRiLSii5ypqZdy9+PxJvMWEvhV9DGXj9UORgOBvmKTK6+MBHCQ6Z4ZAkZA+NwvZF\nMa9njofXtc5zpF0lm8L1C7zL0NZgZEhYX4pJzxoLfLYS04EvtXOsgJexsTGAtc7Q\nXie66frlxvUaLauOCIi2T7KV1vxvSf7c65V/2HnQN6WDJJVSfW/S1/ZwWDGgwekc\netg9YUBYbhSEInYX271gJMgO7LMIegF+xp4tswQyBwKCAQAD4oPnev1lOzKYlEDF\n4BPJSWBYP4KLul4qqKoRm5HOeqf1mCQQ5bJGDdopxHTFPX4CO3UNymxmikUQjrOM\nv7DvLi+iDf0OpQOq5OjhbpUtS0WU3n5nCxr0za4q0xZz32+JHTFRaaesFJ8FB/2l\nLON/FmxVWS8WmnRYLT6xovheTKOvN5mRJG4y0V9gH4JMtqiDkaJTbQog+ZxfCGrb\nGPO2+y7ud9R7L1G6iocNIztopNDV+U8plzToWRJzTW78i7S28rBOqNx0GYS9sMp2\npyx3H4wke4mohqh3fBHcyWXtPyBPWy9FUAjp8pHhnUiI0OtL1sq+d5iOgdYGPSP5\n74gBAoIBAQCyhmGqJDA43DKD+8zGHqPBNI5cFpf/FIfWuO09qjVKB1viXhJju4yN\n9GqcCDzciWg2/P5Z8E26+4NXFw/NUJ0ZkSZBwq0MSO9Hbqaakz/sI5IYiT4Kvmvi\ngoMxwulI8/j0ISQ1cFB8pLActO5gRJJOZj47VZ8U0okAWd9Y8ZdG09fSiQRj9Oy5\nHPZDq668Mv/4OIsTyJgc6O3wbEV7lx9an08pf8bcJFPPnX56PBZXmp/IrxQCBz2Q\nb+H/m5321Ky4YdjplyqaDVnlfjlFlPv1awzYSTpBfakA3DpM02WjkXPzlqC8OKsz\n+azP0mQe2weiKNcmTLcFgMnCVy7oOhbbAoIBAHmZkYxdRa4QkTTL+6wthg3jc58B\nmXLf/JYUNg1T5D29k4Da/51pP9cKWj2PDMfkgVt8IyHIZzqmOc8np1cqxmbRkfJ8\nCs3JdaPHRDGYadacJtzWiuZWfZk6lFF7p/Q4VCzyYPdEbQas+wGD0XdEr//X24pW\nKd+R/yLaiSSVxfK8BnMTSQKdmkY8CkQ3pqVdtNbD7k2WQmghdtjEN4CAQyMNDLo9\nvWa9TsjWM7rxl6mUkuO9WzQOFrOe6+8THdcHyDs3lp/nqhQC2kjVCUtuYtGjLJ8d\ne5xQv5qXHlcxgJ0SS98n0y/Dfb9fMschKC19HwjMMVqTxyCnfeSXHeYpZhQ=\n-----END RSA PRIVATE KEY-----\n",
            "private_key_pem_pkcs8": "-----BEGIN PRIVATE KEY-----\nMIIJQgIBADANBgkqhkiG9w0BAQEFAASCCSwwggkoAgEAAoICAQDfRN0DkEA5FWg1\naGVZY/ETZJaSKP1CAGbXJIc4Xy7X41AmsGDX3DLET1LoBbG0AQnU9B4XBQVUoJ22\nexPCkdQXtRSqBrg2aYc5yt+6gduH19swpl0RYqOIJDVDDKnglbhW/uM3jw21xMiK\nSSopydhvg77Qmj9X5Lhs505MzNMGwR1i9NCVV/BMdbOREmTcKPehHesrwNtwsvM3\n7AJZQqlmqEhm4UMNpLZnHu+XmkC8H18trrRujzXYCok1IphwATgwUiWiTaQa2mlv\nUHmfjjJkf+CHKwlLm8q9VJwH6VMaHRH8h6WUubpbAyJvnPQp8Rx/x/N+spa5A0s4\noeCIK3BJeGCql0AFMcrAl3MKbRC2b7lxwgrg5AGBEMcnU0AesaeprfYNqROR57md\ngtagWH565sU1FscMjcI3ID1uACOiQq2CzoCaL1FT3YtykM7Z2OTZjMXhHXJKw/WE\nsy2uws3CFfNh55jyMFKdLFZTJ9Yb9ybUwN2NBCzrhUajkBTOMsKPrdMYgb6mbvnE\nCUpKQAawfwk3zb3ITqM2UIwsQwDwChhrO4IZi+e4TF+YY8Kqa/W+3SU9jerfkF79\ncnCqOlV3Z101eFngTi1hsRp7/enhHiDElKu+dS47w7Dr+YXMPNmhQeJtOO2Gna/W\n6W3RnzHiJeeUXIxLf9ONtrDJo+469QIDAQABAoICABjNslf2VeGBlVAe8ZNwB5Tb\nSeGhmBvAUQHPAblWKa1mMr35k5NSLSRN7ldEZVd//ghLDm9e6WwGDpSlMQQekJde\n+0AK+xALF9tobwPDRWYz/sUgK5qw1fCxRRGBKKYrO+K+R552eqlvhm/bwkleLnia\nWZUcbbO6qcUUyp1m69Kw8C4m0Gf8RaqDhkK0Q8GJnj5R7+cDx90fTucu2vFGTJd7\nqSofawRAVjCNPpodqC9otM7YZ8cYiydzFDHI+XJdUFFd7ucMWmd5TYPw8XII/rmC\nKKlw3dl+dz7NVYAzgD3tw3/Fz16pu3WSRZMXYVtUzpELikDQX5oyLtBzJgSP/tXq\n1oxymlcOZLKyjpqWaRKXWg6RGHbMkcexnc7VZ/7umYKZo/RbhpXkYQ6/QY9Xwlel\n/TgBplUUmCwOrSYGnGvvodikVuiPC7/9Q2SbOzRnfHmEzuUtE1dbYnGhxOZzfr2i\nOQltI+q67tuym7qVMV88vqrSeZjvMMJToR0R+hEkfkH1OkvWO6TaFY3VSN7iwdf7\nGgU+YJ8nhFX98Uw4kmJvls5YCwQsgrZpWPF/m79eAvsxVYAm8/sYuyYLnrV1fEHB\nPBSrXGlsCfjb7CtKcvrHFq/C2BTac6mhVbxiYYqVbqG5BUXf5iytb7UMru/QTvl1\nOdhXi3epcI4xcpHQe/HJAoIBAQD4ofJ/uTgOJfTxtlaINmpXSmhn9rLPOnlBtS6R\naNqDHZwQBmpCcMrwCA3np6JskM/uXdJP3ow9qua08Qbcz2u3x7QPZ8cohJP6JPGV\n3ab4HLgJBNFiYH/6KL4gUFG9eNojLpumvkVvEsZpwKtKoir+etrxYRvyYryoZbe4\naoBRQH720jIvf9XP5IxfuJsOPU6OiXlD12OA71YpMnjg87P7uXppsLzA8zp3EGXq\nkiL4Dl6yiUi5l5/jfrMX+JJ+rFCp2dBWSsc9fjXNYgncaMeTANEB64kEFD+JIlY2\n0K2pQ2Oe36gf045+3vULyomGXQcwhaVQlcGGmSIEyo3E4HwjAoIBAQDl4oPrH/ow\nzYVrsrkz7nHeFuykldAXze+1j3WbylChqpIWwV2clmW5NpKqetN+ZjkC9/53LFZk\nHNLEwQtf6I1pznleFxTfyHJnQTaybBD1PQUJGItKKLnKmpl3L34/Em8xYS+FX0MZ\neP1Q5GA4G+YpMrr4wEcJDpnhkCRkD43C9kUxr2eOh9e1znOkXSWbwvULvMvQ1mBk\nSFhfiknPGgt8thLTgS+1c6yAl7GxMYC1ztBeJ7rp+uXG9Rotq44IiLZPspXW/G9J\n/tzrlX/YedA3pYMklVJ9b9LX9nBYMaDB6Rx62D1hQFhuFIQidhfbvWAkyA7sswh6\nAX7Gni2zBDIHAoIBAAPig+d6/WU7MpiUQMXgE8lJYFg/gou6XiqoqhGbkc56p/WY\nJBDlskYN2inEdMU9fgI7dQ3KbGaKRRCOs4y/sO8uL6IN/Q6lA6rk6OFulS1LRZTe\nfmcLGvTNrirTFnPfb4kdMVFpp6wUnwUH/aUs438WbFVZLxaadFgtPrGi+F5Mo683\nmZEkbjLRX2Afgky2qIORolNtCiD5nF8IatsY87b7Lu531HsvUbqKhw0jO2ik0NX5\nTymXNOhZEnNNbvyLtLbysE6o3HQZhL2wynanLHcfjCR7iaiGqHd8EdzJZe0/IE9b\nL0VQCOnykeGdSIjQ60vWyr53mI6B1gY9I/nviAECggEBALKGYaokMDjcMoP7zMYe\no8E0jlwWl/8Uh9a47T2qNUoHW+JeEmO7jI30apwIPNyJaDb8/lnwTbr7g1cXD81Q\nnRmRJkHCrQxI70duppqTP+wjkhiJPgq+a+KCgzHC6Ujz+PQhJDVwUHyksBy07mBE\nkk5mPjtVnxTSiQBZ31jxl0bT19KJBGP07Lkc9kOrrrwy//g4ixPImBzo7fBsRXuX\nH1qfTyl/xtwkU8+dfno8Flean8ivFAIHPZBv4f+bnfbUrLhh2OmXKpoNWeV+OUWU\n+/VrDNhJOkF9qQDcOkzTZaORc/OWoLw4qzP5rM/SZB7bB6Io1yZMtwWAycJXLug6\nFtsCggEAeZmRjF1FrhCRNMv7rC2GDeNznwGZct/8lhQ2DVPkPb2TgNr/nWk/1wpa\nPY8Mx+SBW3wjIchnOqY5zyenVyrGZtGR8nwKzcl1o8dEMZhp1pwm3NaK5lZ9mTqU\nUXun9DhULPJg90RtBqz7AYPRd0Sv/9fbilYp35H/ItqJJJXF8rwGcxNJAp2aRjwK\nRDempV201sPuTZZCaCF22MQ3gIBDIw0Muj29Zr1OyNYzuvGXqZSS471bNA4Ws57r\n7xMd1wfIOzeWn+eqFALaSNUJS25i0aMsnx17nFC/mpceVzGAnRJL3yfTL8N9v18y\nxyEoLX0fCMwxWpPHIKd95Jcd5ilmFA==\n-----END PRIVATE KEY-----\n",
            "public_key_fingerprint_md5": "7e:cd:a1:8d:3f:e8:c5:8d:3a:ea:bc:4c:5f:11:87:ca",
            "public_key_fingerprint_sha256": "SHA256:aBoxKLlV5Op9KBtScpUKv2+b8+aHuRr54wO4hKDJ8b0",
            "public_key_openssh": "ssh-rsa AAAAB3NzaC1yc2EAAAADAQABAAACAQDfRN0DkEA5FWg1aGVZY/ETZJaSKP1CAGbXJIc4Xy7X41AmsGDX3DLET1LoBbG0AQnU9B4XBQVUoJ22exPCkdQXtRSqBrg2aYc5yt+6gduH19swpl0RYqOIJDVDDKnglbhW/uM3jw21xMiKSSopydhvg77Qmj9X5Lhs505MzNMGwR1i9NCVV/BMdbOREmTcKPehHesrwNtwsvM37AJZQqlmqEhm4UMNpLZnHu+XmkC8H18trrRujzXYCok1IphwATgwUiWiTaQa2mlvUHmfjjJkf+CHKwlLm8q9VJwH6VMaHRH8h6WUubpbAyJvnPQp8Rx/x/N+spa5A0s4oeCIK3BJeGCql0AFMcrAl3MKbRC2b7lxwgrg5AGBEMcnU0AesaeprfYNqROR57mdgtagWH565sU1FscMjcI3ID1uACOiQq2CzoCaL1FT3YtykM7Z2OTZjMXhHXJKw/WEsy2uws3CFfNh55jyMFKdLFZTJ9Yb9ybUwN2NBCzrhUajkBTOMsKPrdMYgb6mbvnECUpKQAawfwk3zb3ITqM2UIwsQwDwChhrO4IZi+e4TF+YY8Kqa/W+3SU9jerfkF79cnCqOlV3Z101eFngTi1hsRp7/enhHiDElKu+dS47w7Dr+YXMPNmhQeJtOO2Gna/W6W3RnzHiJeeUXIxLf9ONtrDJo+469Q==\n",
            "public_key_pem": "-----BEGIN PUBLIC KEY-----\nMIICIjANBgkqhkiG9w0BAQEFAAOCAg8AMIICCgKCAgEA30TdA5BAORVoNWhlWWPx\nE2SWkij9QgBm1ySHOF8u1+NQJrBg19wyxE9S6AWxtAEJ1PQeFwUFVKCdtnsTwpHU\nF7UUqga4NmmHOcrfuoHbh9fbMKZdEWKjiCQ1Qwyp4JW4Vv7jN48NtcTIikkqKcnY\nb4O+0Jo/V+S4bOdOTMzTBsEdYvTQlVfwTHWzkRJk3Cj3oR3rK8DbcLLzN+wCWUKp\nZqhIZuFDDaS2Zx7vl5pAvB9fLa60bo812AqJNSKYcAE4MFIlok2kGtppb1B5n44y\nZH/ghysJS5vKvVScB+lTGh0R/IellLm6WwMib5z0KfEcf8fzfrKWuQNLOKHgiCtw\nSXhgqpdABTHKwJdzCm0Qtm+5ccIK4OQBgRDHJ1NAHrGnqa32DakTkee5nYLWoFh+\neubFNRbHDI3CNyA9bgAjokKtgs6Ami9RU92LcpDO2djk2YzF4R1ySsP1hLMtrsLN\nwhXzYeeY8jBSnSxWUyfWG/cm1MDdjQQs64VGo5AUzjLCj63TGIG+pm75xAlKSkAG\nsH8JN829yE6jNlCMLEMA8AoYazuCGYvnuExfmGPCqmv1vt0lPY3q35Be/XJwqjpV\nd2ddNXhZ4E4tYbEae/3p4R4gxJSrvnUuO8Ow6/mFzDzZoUHibTjthp2v1ult0Z8x\n4iXnlFyMS3/TjbawyaPuOvUCAwEAAQ==\n-----END PUBLIC KEY-----\n",
            "rsa_bits": 4096
          },
          "sensitive_attributes": [
            [
              {
                "type": "get_attr",
                "value": "private_key_pem"
              }
            ],
            [
              {
                "type": "get_attr",
                "value": "private_key_pem_pkcs8"
              }
            ],
            [
              {
                "type": "get_attr",
                "value": "private_key_openssh"
              }
            ]
          ]
        }
      ]
    },
    {
      "module": "module.iam",
      "mode": "managed",
      "type": "aws_iam_instance_profile",
      "name": "ec2_profile",
      "provider": "provider[\"registry.terraform.io/hashicorp/aws\"]",
      "instances": [
        {
          "schema_version": 0,
          "attributes": {
            "arn": "arn:aws:iam::233752784223:instance-profile/devops_dev_EC2Profile",
            "create_date": "2025-05-17T19:23:12Z",
            "id": "devops_dev_EC2Profile",
            "name": "devops_dev_EC2Profile",
            "name_prefix": "",
            "path": "/",
            "role": "devops_dev_EC2AccessS3Role",
            "tags": {},
            "tags_all": {},
            "unique_id": "AIPATM3GANVP4GPM7I2XI"
          },
          "sensitive_attributes": [],
          "private": "bnVsbA==",
          "dependencies": [
            "module.iam.aws_iam_role.ec2_access_s3_role"
          ]
        }
      ]
    },
    {
      "module": "module.iam",
      "mode": "managed",
      "type": "aws_iam_role",
      "name": "ec2_access_s3_role",
      "provider": "provider[\"registry.terraform.io/hashicorp/aws\"]",
      "instances": [
        {
          "schema_version": 0,
          "attributes": {
            "arn": "arn:aws:iam::233752784223:role/devops_dev_EC2AccessS3Role",
            "assume_role_policy": "{\"Statement\":[{\"Action\":\"sts:AssumeRole\",\"Effect\":\"Allow\",\"Principal\":{\"Service\":\"ec2.amazonaws.com\"}}],\"Version\":\"2012-10-17\"}",
            "create_date": "2025-05-17T19:23:11Z",
            "description": "",
            "force_detach_policies": false,
            "id": "devops_dev_EC2AccessS3Role",
            "inline_policy": [
              {
                "name": "devops_dev_EC2AccessS3RolePolicy",
                "policy": "{\"Version\":\"2012-10-17\",\"Statement\":[{\"Action\":[\"s3:ListBucket\",\"s3:GetObject\",\"s3:PutObject\",\"s3:DeleteObject\",\"s3:PutObjectAcl\",\"s3:GetBucketOwnershipControls\"],\"Effect\":\"Allow\",\"Resource\":[\"arn:aws:s3:::devops-dev.supptech.net.br\",\"arn:aws:s3:::devops-dev.supptech.net.br/*\"]}]}"
              }
            ],
            "managed_policy_arns": [
              "arn:aws:iam::aws:policy/AmazonSSMManagedEC2InstanceDefaultPolicy"
            ],
            "max_session_duration": 3600,
            "name": "devops_dev_EC2AccessS3Role",
            "name_prefix": "",
            "path": "/",
            "permissions_boundary": "",
            "tags": {},
            "tags_all": {},
            "unique_id": "AROATM3GANVPXBS2XUD5Y"
          },
          "sensitive_attributes": [],
          "private": "bnVsbA=="
        }
      ]
    },
    {
      "module": "module.iam",
      "mode": "managed",
      "type": "aws_iam_role_policy",
      "name": "ec2_access_s3_policy",
      "provider": "provider[\"registry.terraform.io/hashicorp/aws\"]",
      "instances": [
        {
          "schema_version": 0,
          "attributes": {
            "id": "devops_dev_EC2AccessS3Role:devops_dev_EC2AccessS3RolePolicy",
            "name": "devops_dev_EC2AccessS3RolePolicy",
            "name_prefix": "",
            "policy": "{\"Version\":\"2012-10-17\",\"Statement\":[{\"Action\":[\"s3:ListBucket\",\"s3:GetObject\",\"s3:PutObject\",\"s3:DeleteObject\",\"s3:PutObjectAcl\",\"s3:GetBucketOwnershipControls\"],\"Effect\":\"Allow\",\"Resource\":[\"arn:aws:s3:::devops-dev.supptech.net.br\",\"arn:aws:s3:::devops-dev.supptech.net.br/*\"]}]}",
            "role": "devops_dev_EC2AccessS3Role"
          },
          "sensitive_attributes": [],
          "private": "bnVsbA==",
          "dependencies": [
            "module.iam.aws_iam_role.ec2_access_s3_role",
            "module.upload_bucket.aws_s3_bucket.upload_bucket"
          ]
        }
      ]
    },
    {
      "module": "module.iam",
      "mode": "managed",
      "type": "aws_iam_role_policy_attachment",
      "name": "ssm_managed_policy_attachment",
      "provider": "provider[\"registry.terraform.io/hashicorp/aws\"]",
      "instances": [
        {
          "schema_version": 0,
          "attributes": {
            "id": "devops_dev_EC2AccessS3Role-20250517192322818500000001",
            "policy_arn": "arn:aws:iam::aws:policy/AmazonSSMManagedEC2InstanceDefaultPolicy",
            "role": "devops_dev_EC2AccessS3Role"
          },
          "sensitive_attributes": [],
          "private": "bnVsbA==",
          "dependencies": [
            "module.iam.aws_iam_role.ec2_access_s3_role"
          ]
        }
      ]
    },
    {
      "module": "module.main",
      "mode": "managed",
      "type": "aws_internet_gateway",
      "name": "igw",
      "provider": "provider[\"registry.terraform.io/hashicorp/aws\"]",
      "instances": [
        {
          "schema_version": 0,
          "attributes": {
            "arn": "arn:aws:ec2:us-east-2:233752784223:internet-gateway/igw-0f1af9d394cc0ad50",
            "id": "igw-0f1af9d394cc0ad50",
            "owner_id": "233752784223",
            "tags": {
              "Environment": "dev",
              "Name": "devops-dev-igw",
              "Project": "devops"
            },
            "tags_all": {
              "Environment": "dev",
              "Name": "devops-dev-igw",
              "Project": "devops"
            },
            "timeouts": null,
            "vpc_id": "vpc-099e42c526e23c23f"
          },
          "sensitive_attributes": [],
          "private": "eyJlMmJmYjczMC1lY2FhLTExZTYtOGY4OC0zNDM2M2JjN2M0YzAiOnsiY3JlYXRlIjoxMjAwMDAwMDAwMDAwLCJkZWxldGUiOjEyMDAwMDAwMDAwMDAsInVwZGF0ZSI6MTIwMDAwMDAwMDAwMH19",
          "dependencies": [
            "module.main.aws_vpc.main"
          ]
        }
      ]
    },
    {
      "module": "module.main",
      "mode": "managed",
      "type": "aws_network_acl",
      "name": "main_acl",
      "provider": "provider[\"registry.terraform.io/hashicorp/aws\"]",
      "instances": [
        {
          "schema_version": 0,
          "attributes": {
            "arn": "arn:aws:ec2:us-east-2:233752784223:network-acl/acl-0f8063f2b8bf820a9",
            "egress": [
              {
                "action": "allow",
                "cidr_block": "0.0.0.0/0",
                "from_port": 0,
                "icmp_code": 0,
                "icmp_type": 0,
                "ipv6_cidr_block": "",
                "protocol": "-1",
                "rule_no": 100,
                "to_port": 0
              }
            ],
            "id": "acl-0f8063f2b8bf820a9",
            "ingress": [
              {
                "action": "allow",
                "cidr_block": "0.0.0.0/0",
                "from_port": 1024,
                "icmp_code": 0,
                "icmp_type": 0,
                "ipv6_cidr_block": "",
                "protocol": "6",
                "rule_no": 100,
                "to_port": 65535
              },
              {
                "action": "allow",
                "cidr_block": "0.0.0.0/0",
                "from_port": 22,
                "icmp_code": 0,
                "icmp_type": 0,
                "ipv6_cidr_block": "",
                "protocol": "6",
                "rule_no": 130,
                "to_port": 22
              },
              {
                "action": "allow",
                "cidr_block": "0.0.0.0/0",
                "from_port": 443,
                "icmp_code": 0,
                "icmp_type": 0,
                "ipv6_cidr_block": "",
                "protocol": "6",
                "rule_no": 120,
                "to_port": 443
              },
              {
                "action": "allow",
                "cidr_block": "0.0.0.0/0",
                "from_port": 80,
                "icmp_code": 0,
                "icmp_type": 0,
                "ipv6_cidr_block": "",
                "protocol": "6",
                "rule_no": 110,
                "to_port": 80
              }
            ],
            "owner_id": "233752784223",
            "subnet_ids": [
              "subnet-0611e5220c04fad9f",
              "subnet-0622e96e33556c28a",
              "subnet-0a44918c490e5fe59",
              "subnet-0a57f9c97302a7895"
            ],
            "tags": {
              "Environment": "dev",
              "Name": "devops-dev-acl",
              "Project": "devops"
            },
            "tags_all": {
              "Environment": "dev",
              "Name": "devops-dev-acl",
              "Project": "devops"
            },
            "vpc_id": "vpc-099e42c526e23c23f"
          },
          "sensitive_attributes": [],
          "private": "bnVsbA==",
          "dependencies": [
            "module.main.aws_subnet.private_a",
            "module.main.aws_subnet.private_b",
            "module.main.aws_subnet.public_a",
            "module.main.aws_subnet.public_b",
            "module.main.aws_vpc.main"
          ]
        }
      ]
    },
    {
      "module": "module.main",
      "mode": "managed",
      "type": "aws_network_acl_rule",
      "name": "egress_efemeras",
      "provider": "provider[\"registry.terraform.io/hashicorp/aws\"]",
      "instances": [
        {
          "schema_version": 0,
          "attributes": {
            "cidr_block": "0.0.0.0/0",
            "egress": true,
            "from_port": 0,
            "icmp_code": null,
            "icmp_type": null,
            "id": "nacl-286444039",
            "ipv6_cidr_block": "",
            "network_acl_id": "acl-0f8063f2b8bf820a9",
            "protocol": "-1",
            "rule_action": "allow",
            "rule_number": 100,
            "to_port": 65535
          },
          "sensitive_attributes": [],
          "private": "bnVsbA==",
          "dependencies": [
            "module.main.aws_network_acl.main_acl",
            "module.main.aws_subnet.private_a",
            "module.main.aws_subnet.private_b",
            "module.main.aws_subnet.public_a",
            "module.main.aws_subnet.public_b",
            "module.main.aws_vpc.main"
          ]
        }
      ]
    },
    {
      "module": "module.main",
      "mode": "managed",
      "type": "aws_network_acl_rule",
      "name": "ingress_http",
      "provider": "provider[\"registry.terraform.io/hashicorp/aws\"]",
      "instances": [
        {
          "schema_version": 0,
          "attributes": {
            "cidr_block": "0.0.0.0/0",
            "egress": false,
            "from_port": 80,
            "icmp_code": null,
            "icmp_type": null,
            "id": "nacl-1655468710",
            "ipv6_cidr_block": "",
            "network_acl_id": "acl-0f8063f2b8bf820a9",
            "protocol": "6",
            "rule_action": "allow",
            "rule_number": 110,
            "to_port": 80
          },
          "sensitive_attributes": [],
          "private": "bnVsbA==",
          "dependencies": [
            "module.main.aws_network_acl.main_acl",
            "module.main.aws_subnet.private_a",
            "module.main.aws_subnet.private_b",
            "module.main.aws_subnet.public_a",
            "module.main.aws_subnet.public_b",
            "module.main.aws_vpc.main"
          ]
        }
      ]
    },
    {
      "module": "module.main",
      "mode": "managed",
      "type": "aws_network_acl_rule",
      "name": "ingress_https",
      "provider": "provider[\"registry.terraform.io/hashicorp/aws\"]",
      "instances": [
        {
          "schema_version": 0,
          "attributes": {
            "cidr_block": "0.0.0.0/0",
            "egress": false,
            "from_port": 443,
            "icmp_code": null,
            "icmp_type": null,
            "id": "nacl-4216198311",
            "ipv6_cidr_block": "",
            "network_acl_id": "acl-0f8063f2b8bf820a9",
            "protocol": "6",
            "rule_action": "allow",
            "rule_number": 120,
            "to_port": 443
          },
          "sensitive_attributes": [],
          "private": "bnVsbA==",
          "dependencies": [
            "module.main.aws_network_acl.main_acl",
            "module.main.aws_subnet.private_a",
            "module.main.aws_subnet.private_b",
            "module.main.aws_subnet.public_a",
            "module.main.aws_subnet.public_b",
            "module.main.aws_vpc.main"
          ]
        }
      ]
    },
    {
      "module": "module.main",
      "mode": "managed",
      "type": "aws_network_acl_rule",
      "name": "ingress_response_traffic",
      "provider": "provider[\"registry.terraform.io/hashicorp/aws\"]",
      "instances": [
        {
          "schema_version": 0,
          "attributes": {
            "cidr_block": "0.0.0.0/0",
            "egress": false,
            "from_port": 1024,
            "icmp_code": null,
            "icmp_type": null,
            "id": "nacl-2736958822",
            "ipv6_cidr_block": "",
            "network_acl_id": "acl-0f8063f2b8bf820a9",
            "protocol": "6",
            "rule_action": "allow",
            "rule_number": 100,
            "to_port": 65535
          },
          "sensitive_attributes": [],
          "private": "bnVsbA==",
          "dependencies": [
            "module.main.aws_network_acl.main_acl",
            "module.main.aws_subnet.private_a",
            "module.main.aws_subnet.private_b",
            "module.main.aws_subnet.public_a",
            "module.main.aws_subnet.public_b",
            "module.main.aws_vpc.main"
          ]
        }
      ]
    },
    {
      "module": "module.main",
      "mode": "managed",
      "type": "aws_network_acl_rule",
      "name": "ingress_ssh",
      "provider": "provider[\"registry.terraform.io/hashicorp/aws\"]",
      "instances": [
        {
          "schema_version": 0,
          "attributes": {
            "cidr_block": "0.0.0.0/0",
            "egress": false,
            "from_port": 22,
            "icmp_code": null,
            "icmp_type": null,
            "id": "nacl-985713511",
            "ipv6_cidr_block": "",
            "network_acl_id": "acl-0f8063f2b8bf820a9",
            "protocol": "6",
            "rule_action": "allow",
            "rule_number": 130,
            "to_port": 22
          },
          "sensitive_attributes": [],
          "private": "bnVsbA==",
          "dependencies": [
            "module.main.aws_network_acl.main_acl",
            "module.main.aws_subnet.private_a",
            "module.main.aws_subnet.private_b",
            "module.main.aws_subnet.public_a",
            "module.main.aws_subnet.public_b",
            "module.main.aws_vpc.main"
          ]
        }
      ]
    },
    {
      "module": "module.main",
      "mode": "managed",
      "type": "aws_route_table",
      "name": "private_route",
      "provider": "provider[\"registry.terraform.io/hashicorp/aws\"]",
      "instances": [
        {
          "schema_version": 0,
          "attributes": {
            "arn": "arn:aws:ec2:us-east-2:233752784223:route-table/rtb-078827ae0243ea8b0",
            "id": "rtb-078827ae0243ea8b0",
            "owner_id": "233752784223",
            "propagating_vgws": [],
            "route": [],
            "tags": {
              "Environment": "dev",
              "Name": "devops-dev-private-rt",
              "Project": "devops"
            },
            "tags_all": {
              "Environment": "dev",
              "Name": "devops-dev-private-rt",
              "Project": "devops"
            },
            "timeouts": null,
            "vpc_id": "vpc-099e42c526e23c23f"
          },
          "sensitive_attributes": [],
          "private": "eyJlMmJmYjczMC1lY2FhLTExZTYtOGY4OC0zNDM2M2JjN2M0YzAiOnsiY3JlYXRlIjozMDAwMDAwMDAwMDAsImRlbGV0ZSI6MzAwMDAwMDAwMDAwLCJ1cGRhdGUiOjEyMDAwMDAwMDAwMH19",
          "dependencies": [
            "module.main.aws_vpc.main"
          ]
        }
      ]
    },
    {
      "module": "module.main",
      "mode": "managed",
      "type": "aws_route_table",
      "name": "public_route",
      "provider": "provider[\"registry.terraform.io/hashicorp/aws\"]",
      "instances": [
        {
          "schema_version": 0,
          "attributes": {
            "arn": "arn:aws:ec2:us-east-2:233752784223:route-table/rtb-0cddc56928aa6e427",
            "id": "rtb-0cddc56928aa6e427",
            "owner_id": "233752784223",
            "propagating_vgws": [],
            "route": [
              {
                "carrier_gateway_id": "",
                "cidr_block": "0.0.0.0/0",
                "core_network_arn": "",
                "destination_prefix_list_id": "",
                "egress_only_gateway_id": "",
                "gateway_id": "igw-0f1af9d394cc0ad50",
                "ipv6_cidr_block": "",
                "local_gateway_id": "",
                "nat_gateway_id": "",
                "network_interface_id": "",
                "transit_gateway_id": "",
                "vpc_endpoint_id": "",
                "vpc_peering_connection_id": ""
              }
            ],
            "tags": {
              "Environment": "dev",
              "Name": "devops-dev-public-rt",
              "Project": "devops"
            },
            "tags_all": {
              "Environment": "dev",
              "Name": "devops-dev-public-rt",
              "Project": "devops"
            },
            "timeouts": null,
            "vpc_id": "vpc-099e42c526e23c23f"
          },
          "sensitive_attributes": [],
          "private": "eyJlMmJmYjczMC1lY2FhLTExZTYtOGY4OC0zNDM2M2JjN2M0YzAiOnsiY3JlYXRlIjozMDAwMDAwMDAwMDAsImRlbGV0ZSI6MzAwMDAwMDAwMDAwLCJ1cGRhdGUiOjEyMDAwMDAwMDAwMH19",
          "dependencies": [
            "module.main.aws_internet_gateway.igw",
            "module.main.aws_vpc.main"
          ]
        }
      ]
    },
    {
      "module": "module.main",
      "mode": "managed",
      "type": "aws_route_table_association",
      "name": "private_a",
      "provider": "provider[\"registry.terraform.io/hashicorp/aws\"]",
      "instances": [
        {
          "schema_version": 0,
          "attributes": {
            "gateway_id": "",
            "id": "rtbassoc-09cbe0436800b79fe",
            "route_table_id": "rtb-078827ae0243ea8b0",
            "subnet_id": "subnet-0622e96e33556c28a",
            "timeouts": null
          },
          "sensitive_attributes": [],
          "private": "eyJlMmJmYjczMC1lY2FhLTExZTYtOGY4OC0zNDM2M2JjN2M0YzAiOnsiY3JlYXRlIjozMDAwMDAwMDAwMDAsImRlbGV0ZSI6MzAwMDAwMDAwMDAwLCJ1cGRhdGUiOjEyMDAwMDAwMDAwMH19",
          "dependencies": [
            "module.main.aws_route_table.private_route",
            "module.main.aws_subnet.private_a",
            "module.main.aws_vpc.main"
          ]
        }
      ]
    },
    {
      "module": "module.main",
      "mode": "managed",
      "type": "aws_route_table_association",
      "name": "private_b",
      "provider": "provider[\"registry.terraform.io/hashicorp/aws\"]",
      "instances": [
        {
          "schema_version": 0,
          "attributes": {
            "gateway_id": "",
            "id": "rtbassoc-0781164c035b231c5",
            "route_table_id": "rtb-078827ae0243ea8b0",
            "subnet_id": "subnet-0a44918c490e5fe59",
            "timeouts": null
          },
          "sensitive_attributes": [],
          "private": "eyJlMmJmYjczMC1lY2FhLTExZTYtOGY4OC0zNDM2M2JjN2M0YzAiOnsiY3JlYXRlIjozMDAwMDAwMDAwMDAsImRlbGV0ZSI6MzAwMDAwMDAwMDAwLCJ1cGRhdGUiOjEyMDAwMDAwMDAwMH19",
          "dependencies": [
            "module.main.aws_route_table.private_route",
            "module.main.aws_subnet.private_b",
            "module.main.aws_vpc.main"
          ]
        }
      ]
    },
    {
      "module": "module.main",
      "mode": "managed",
      "type": "aws_route_table_association",
      "name": "public_public_a",
      "provider": "provider[\"registry.terraform.io/hashicorp/aws\"]",
      "instances": [
        {
          "schema_version": 0,
          "attributes": {
            "gateway_id": "",
            "id": "rtbassoc-04adac170aabbd32f",
            "route_table_id": "rtb-0cddc56928aa6e427",
            "subnet_id": "subnet-0611e5220c04fad9f",
            "timeouts": null
          },
          "sensitive_attributes": [],
          "private": "eyJlMmJmYjczMC1lY2FhLTExZTYtOGY4OC0zNDM2M2JjN2M0YzAiOnsiY3JlYXRlIjozMDAwMDAwMDAwMDAsImRlbGV0ZSI6MzAwMDAwMDAwMDAwLCJ1cGRhdGUiOjEyMDAwMDAwMDAwMH19",
          "dependencies": [
            "module.main.aws_internet_gateway.igw",
            "module.main.aws_route_table.public_route",
            "module.main.aws_subnet.public_a",
            "module.main.aws_vpc.main"
          ]
        }
      ]
    },
    {
      "module": "module.main",
      "mode": "managed",
      "type": "aws_route_table_association",
      "name": "public_public_b",
      "provider": "provider[\"registry.terraform.io/hashicorp/aws\"]",
      "instances": [
        {
          "schema_version": 0,
          "attributes": {
            "gateway_id": "",
            "id": "rtbassoc-09635c0a412def68d",
            "route_table_id": "rtb-0cddc56928aa6e427",
            "subnet_id": "subnet-0a57f9c97302a7895",
            "timeouts": null
          },
          "sensitive_attributes": [],
          "private": "eyJlMmJmYjczMC1lY2FhLTExZTYtOGY4OC0zNDM2M2JjN2M0YzAiOnsiY3JlYXRlIjozMDAwMDAwMDAwMDAsImRlbGV0ZSI6MzAwMDAwMDAwMDAwLCJ1cGRhdGUiOjEyMDAwMDAwMDAwMH19",
          "dependencies": [
            "module.main.aws_internet_gateway.igw",
            "module.main.aws_route_table.public_route",
            "module.main.aws_subnet.public_b",
            "module.main.aws_vpc.main"
          ]
        }
      ]
    },
    {
      "module": "module.main",
      "mode": "managed",
      "type": "aws_subnet",
      "name": "private_a",
      "provider": "provider[\"registry.terraform.io/hashicorp/aws\"]",
      "instances": [
        {
          "schema_version": 1,
          "attributes": {
            "arn": "arn:aws:ec2:us-east-2:233752784223:subnet/subnet-0622e96e33556c28a",
            "assign_ipv6_address_on_creation": false,
            "availability_zone": "us-east-2a",
            "availability_zone_id": "use2-az1",
            "cidr_block": "10.0.101.0/24",
            "customer_owned_ipv4_pool": "",
            "enable_dns64": false,
            "enable_lni_at_device_index": 0,
            "enable_resource_name_dns_a_record_on_launch": false,
            "enable_resource_name_dns_aaaa_record_on_launch": false,
            "id": "subnet-0622e96e33556c28a",
            "ipv6_cidr_block": "",
            "ipv6_cidr_block_association_id": "",
            "ipv6_native": false,
            "map_customer_owned_ip_on_launch": false,
            "map_public_ip_on_launch": true,
            "outpost_arn": "",
            "owner_id": "233752784223",
            "private_dns_hostname_type_on_launch": "ip-name",
            "tags": {
              "Environment": "dev",
              "Name": "devops-dev-private-subnet-us-east-2a",
              "Project": "devops"
            },
            "tags_all": {
              "Environment": "dev",
              "Name": "devops-dev-private-subnet-us-east-2a",
              "Project": "devops"
            },
            "timeouts": null,
            "vpc_id": "vpc-099e42c526e23c23f"
          },
          "sensitive_attributes": [],
          "private": "eyJlMmJmYjczMC1lY2FhLTExZTYtOGY4OC0zNDM2M2JjN2M0YzAiOnsiY3JlYXRlIjo2MDAwMDAwMDAwMDAsImRlbGV0ZSI6MTIwMDAwMDAwMDAwMH0sInNjaGVtYV92ZXJzaW9uIjoiMSJ9",
          "dependencies": [
            "module.main.aws_vpc.main"
          ]
        }
      ]
    },
    {
      "module": "module.main",
      "mode": "managed",
      "type": "aws_subnet",
      "name": "private_b",
      "provider": "provider[\"registry.terraform.io/hashicorp/aws\"]",
      "instances": [
        {
          "schema_version": 1,
          "attributes": {
            "arn": "arn:aws:ec2:us-east-2:233752784223:subnet/subnet-0a44918c490e5fe59",
            "assign_ipv6_address_on_creation": false,
            "availability_zone": "us-east-2b",
            "availability_zone_id": "use2-az2",
            "cidr_block": "10.0.102.0/24",
            "customer_owned_ipv4_pool": "",
            "enable_dns64": false,
            "enable_lni_at_device_index": 0,
            "enable_resource_name_dns_a_record_on_launch": false,
            "enable_resource_name_dns_aaaa_record_on_launch": false,
            "id": "subnet-0a44918c490e5fe59",
            "ipv6_cidr_block": "",
            "ipv6_cidr_block_association_id": "",
            "ipv6_native": false,
            "map_customer_owned_ip_on_launch": false,
            "map_public_ip_on_launch": true,
            "outpost_arn": "",
            "owner_id": "233752784223",
            "private_dns_hostname_type_on_launch": "ip-name",
            "tags": {
              "Environment": "dev",
              "Name": "devops-dev-private-subnet-us-east-2b",
              "Project": "devops"
            },
            "tags_all": {
              "Environment": "dev",
              "Name": "devops-dev-private-subnet-us-east-2b",
              "Project": "devops"
            },
            "timeouts": null,
            "vpc_id": "vpc-099e42c526e23c23f"
          },
          "sensitive_attributes": [],
          "private": "eyJlMmJmYjczMC1lY2FhLTExZTYtOGY4OC0zNDM2M2JjN2M0YzAiOnsiY3JlYXRlIjo2MDAwMDAwMDAwMDAsImRlbGV0ZSI6MTIwMDAwMDAwMDAwMH0sInNjaGVtYV92ZXJzaW9uIjoiMSJ9",
          "dependencies": [
            "module.main.aws_vpc.main"
          ]
        }
      ]
    },
    {
      "module": "module.main",
      "mode": "managed",
      "type": "aws_subnet",
      "name": "public_a",
      "provider": "provider[\"registry.terraform.io/hashicorp/aws\"]",
      "instances": [
        {
          "schema_version": 1,
          "attributes": {
            "arn": "arn:aws:ec2:us-east-2:233752784223:subnet/subnet-0611e5220c04fad9f",
            "assign_ipv6_address_on_creation": false,
            "availability_zone": "us-east-2a",
            "availability_zone_id": "use2-az1",
            "cidr_block": "10.0.1.0/24",
            "customer_owned_ipv4_pool": "",
            "enable_dns64": false,
            "enable_lni_at_device_index": 0,
            "enable_resource_name_dns_a_record_on_launch": false,
            "enable_resource_name_dns_aaaa_record_on_launch": false,
            "id": "subnet-0611e5220c04fad9f",
            "ipv6_cidr_block": "",
            "ipv6_cidr_block_association_id": "",
            "ipv6_native": false,
            "map_customer_owned_ip_on_launch": false,
            "map_public_ip_on_launch": true,
            "outpost_arn": "",
            "owner_id": "233752784223",
            "private_dns_hostname_type_on_launch": "ip-name",
            "tags": {
              "Environment": "dev",
              "Name": "devops-dev-public-subnet-us-east-2a",
              "Project": "devops"
            },
            "tags_all": {
              "Environment": "dev",
              "Name": "devops-dev-public-subnet-us-east-2a",
              "Project": "devops"
            },
            "timeouts": null,
            "vpc_id": "vpc-099e42c526e23c23f"
          },
          "sensitive_attributes": [],
          "private": "eyJlMmJmYjczMC1lY2FhLTExZTYtOGY4OC0zNDM2M2JjN2M0YzAiOnsiY3JlYXRlIjo2MDAwMDAwMDAwMDAsImRlbGV0ZSI6MTIwMDAwMDAwMDAwMH0sInNjaGVtYV92ZXJzaW9uIjoiMSJ9",
          "dependencies": [
            "module.main.aws_vpc.main"
          ]
        }
      ]
    },
    {
      "module": "module.main",
      "mode": "managed",
      "type": "aws_subnet",
      "name": "public_b",
      "provider": "provider[\"registry.terraform.io/hashicorp/aws\"]",
      "instances": [
        {
          "schema_version": 1,
          "attributes": {
            "arn": "arn:aws:ec2:us-east-2:233752784223:subnet/subnet-0a57f9c97302a7895",
            "assign_ipv6_address_on_creation": false,
            "availability_zone": "us-east-2b",
            "availability_zone_id": "use2-az2",
            "cidr_block": "10.0.2.0/24",
            "customer_owned_ipv4_pool": "",
            "enable_dns64": false,
            "enable_lni_at_device_index": 0,
            "enable_resource_name_dns_a_record_on_launch": false,
            "enable_resource_name_dns_aaaa_record_on_launch": false,
            "id": "subnet-0a57f9c97302a7895",
            "ipv6_cidr_block": "",
            "ipv6_cidr_block_association_id": "",
            "ipv6_native": false,
            "map_customer_owned_ip_on_launch": false,
            "map_public_ip_on_launch": true,
            "outpost_arn": "",
            "owner_id": "233752784223",
            "private_dns_hostname_type_on_launch": "ip-name",
            "tags": {
              "Environment": "dev",
              "Name": "devops-dev-public-subnet-us-east-2b",
              "Project": "devops"
            },
            "tags_all": {
              "Environment": "dev",
              "Name": "devops-dev-public-subnet-us-east-2b",
              "Project": "devops"
            },
            "timeouts": null,
            "vpc_id": "vpc-099e42c526e23c23f"
          },
          "sensitive_attributes": [],
          "private": "eyJlMmJmYjczMC1lY2FhLTExZTYtOGY4OC0zNDM2M2JjN2M0YzAiOnsiY3JlYXRlIjo2MDAwMDAwMDAwMDAsImRlbGV0ZSI6MTIwMDAwMDAwMDAwMH0sInNjaGVtYV92ZXJzaW9uIjoiMSJ9",
          "dependencies": [
            "module.main.aws_vpc.main"
          ]
        }
      ]
    },
    {
      "module": "module.main",
      "mode": "managed",
      "type": "aws_vpc",
      "name": "main",
      "provider": "provider[\"registry.terraform.io/hashicorp/aws\"]",
      "instances": [
        {
          "schema_version": 1,
          "attributes": {
            "arn": "arn:aws:ec2:us-east-2:233752784223:vpc/vpc-099e42c526e23c23f",
            "assign_generated_ipv6_cidr_block": false,
            "cidr_block": "10.0.0.0/16",
            "default_network_acl_id": "acl-0c6c05b2f6df503b7",
            "default_route_table_id": "rtb-0ca388dfcf1bddf34",
            "default_security_group_id": "sg-0169edf3f768ca1d0",
            "dhcp_options_id": "dopt-0d533706b1cfc2f35",
            "enable_dns_hostnames": true,
            "enable_dns_support": true,
            "enable_network_address_usage_metrics": false,
            "id": "vpc-099e42c526e23c23f",
            "instance_tenancy": "default",
            "ipv4_ipam_pool_id": null,
            "ipv4_netmask_length": null,
            "ipv6_association_id": "",
            "ipv6_cidr_block": "",
            "ipv6_cidr_block_network_border_group": "",
            "ipv6_ipam_pool_id": "",
            "ipv6_netmask_length": 0,
            "main_route_table_id": "rtb-0ca388dfcf1bddf34",
            "owner_id": "233752784223",
            "tags": {
              "Environment": "dev",
              "Name": "devops-dev-vpc",
              "Project": "devops"
            },
            "tags_all": {
              "Environment": "dev",
              "Name": "devops-dev-vpc",
              "Project": "devops"
            }
          },
          "sensitive_attributes": [],
          "private": "eyJzY2hlbWFfdmVyc2lvbiI6IjEifQ=="
        }
      ]
    },
    {
      "module": "module.security_group",
      "mode": "managed",
      "type": "aws_security_group",
      "name": "ec2_access_sg",
      "provider": "provider[\"registry.terraform.io/hashicorp/aws\"]",
      "instances": [
        {
          "schema_version": 1,
          "attributes": {
            "arn": "arn:aws:ec2:us-east-2:233752784223:security-group/sg-015b34c469a37cfdc",
            "description": "Grupo de seguranca para Servidor da Aplicacao",
            "egress": [
              {
                "cidr_blocks": [
                  "0.0.0.0/0"
                ],
                "description": " Libera todo trafego de saida para qualquer destino",
                "from_port": 0,
                "ipv6_cidr_blocks": [],
                "prefix_list_ids": [],
                "protocol": "-1",
                "security_groups": [],
                "self": false,
                "to_port": 0
              }
            ],
            "id": "sg-015b34c469a37cfdc",
            "ingress": [
              {
                "cidr_blocks": [
                  "0.0.0.0/0"
                ],
                "description": "Libera acesso HTTP de qualquer origem",
                "from_port": 80,
                "ipv6_cidr_blocks": [],
                "prefix_list_ids": [],
                "protocol": "tcp",
                "security_groups": [],
                "self": false,
                "to_port": 80
              },
              {
                "cidr_blocks": [
                  "0.0.0.0/0"
                ],
                "description": "Libera acesso HTTPS de qualquer origem",
                "from_port": 443,
                "ipv6_cidr_blocks": [],
                "prefix_list_ids": [],
                "protocol": "tcp",
                "security_groups": [],
                "self": false,
                "to_port": 443
              },
              {
                "cidr_blocks": [
                  "0.0.0.0/0"
                ],
                "description": "Libera acesso SSH com origem no meu IP",
                "from_port": 22,
                "ipv6_cidr_blocks": [],
                "prefix_list_ids": [],
                "protocol": "tcp",
                "security_groups": [],
                "self": false,
                "to_port": 22
              },
              {
                "cidr_blocks": [
                  "10.0.0.0/16"
                ],
                "description": "Libera ICMP dentro da VPN",
                "from_port": -1,
                "ipv6_cidr_blocks": [],
                "prefix_list_ids": [],
                "protocol": "icmp",
                "security_groups": [],
                "self": false,
                "to_port": -1
              }
            ],
            "name": "devops-dev-sg-web",
            "name_prefix": "",
            "owner_id": "233752784223",
            "revoke_rules_on_delete": false,
            "tags": {
              "Environment": "dev",
              "Name": "devops-dev-sg-web",
              "Project": "devops"
            },
            "tags_all": {
              "Environment": "dev",
              "Name": "devops-dev-sg-web",
              "Project": "devops"
            },
            "timeouts": null,
            "vpc_id": "vpc-099e42c526e23c23f"
          },
          "sensitive_attributes": [],
          "private": "eyJlMmJmYjczMC1lY2FhLTExZTYtOGY4OC0zNDM2M2JjN2M0YzAiOnsiY3JlYXRlIjo2MDAwMDAwMDAwMDAsImRlbGV0ZSI6OTAwMDAwMDAwMDAwfSwic2NoZW1hX3ZlcnNpb24iOiIxIn0=",
          "dependencies": [
            "module.main.aws_vpc.main"
          ]
        }
      ]
    },
    {
      "module": "module.upload_bucket",
      "mode": "managed",
      "type": "aws_s3_bucket",
      "name": "upload_bucket",
      "provider": "provider[\"registry.terraform.io/hashicorp/aws\"]",
      "instances": [
        {
          "schema_version": 0,
          "attributes": {
            "acceleration_status": "",
            "acl": null,
            "arn": "arn:aws:s3:::devops-dev.supptech.net.br",
            "bucket": "devops-dev.supptech.net.br",
            "bucket_domain_name": "devops-dev.supptech.net.br.s3.amazonaws.com",
            "bucket_prefix": "",
            "bucket_regional_domain_name": "devops-dev.supptech.net.br.s3.us-east-2.amazonaws.com",
            "cors_rule": [],
            "force_destroy": false,
            "grant": [
              {
                "id": "68b965226c513fade766344ec28c11ff35e06f1bcea0b5af299e43159f52419a",
                "permissions": [
                  "FULL_CONTROL"
                ],
                "type": "CanonicalUser",
                "uri": ""
              }
            ],
            "hosted_zone_id": "Z2O1EMRO9K5GLX",
            "id": "devops-dev.supptech.net.br",
            "lifecycle_rule": [],
            "logging": [],
            "object_lock_configuration": [],
            "object_lock_enabled": false,
            "policy": "{\"Statement\":[{\"Action\":\"s3:GetObject\",\"Effect\":\"Allow\",\"Principal\":\"*\",\"Resource\":\"arn:aws:s3:::devops-dev.supptech.net.br/*\",\"Sid\":\"PublicRead\"}],\"Version\":\"2012-10-17\"}",
            "region": "us-east-2",
            "replication_configuration": [],
            "request_payer": "BucketOwner",
            "server_side_encryption_configuration": [
              {
                "rule": [
                  {
                    "apply_server_side_encryption_by_default": [
                      {
                        "kms_master_key_id": "",
                        "sse_algorithm": "AES256"
                      }
                    ],
                    "bucket_key_enabled": false
                  }
                ]
              }
            ],
            "tags": {
              "Environment": "dev",
              "Name": "devops-dev.supptech.net.br",
              "Project": "devops"
            },
            "tags_all": {
              "Environment": "dev",
              "Name": "devops-dev.supptech.net.br",
              "Project": "devops"
            },
            "timeouts": null,
            "versioning": [
              {
                "enabled": true,
                "mfa_delete": false
              }
            ],
            "website": [],
            "website_domain": null,
            "website_endpoint": null
          },
          "sensitive_attributes": [],
          "private": "eyJlMmJmYjczMC1lY2FhLTExZTYtOGY4OC0zNDM2M2JjN2M0YzAiOnsiY3JlYXRlIjoxMjAwMDAwMDAwMDAwLCJkZWxldGUiOjM2MDAwMDAwMDAwMDAsInJlYWQiOjEyMDAwMDAwMDAwMDAsInVwZGF0ZSI6MTIwMDAwMDAwMDAwMH19"
        }
      ]
    },
    {
      "module": "module.upload_bucket",
      "mode": "managed",
      "type": "aws_s3_bucket_ownership_controls",
      "name": "upload_bucket",
      "provider": "provider[\"registry.terraform.io/hashicorp/aws\"]",
      "instances": [
        {
          "schema_version": 0,
          "attributes": {
            "bucket": "devops-dev.supptech.net.br",
            "id": "devops-dev.supptech.net.br",
            "rule": [
              {
                "object_ownership": "BucketOwnerEnforced"
              }
            ]
          },
          "sensitive_attributes": [],
          "private": "bnVsbA==",
          "dependencies": [
            "module.upload_bucket.aws_s3_bucket.upload_bucket"
          ]
        }
      ]
    },
    {
      "module": "module.upload_bucket",
      "mode": "managed",
      "type": "aws_s3_bucket_policy",
      "name": "public_read",
      "provider": "provider[\"registry.terraform.io/hashicorp/aws\"]",
      "instances": [
        {
          "schema_version": 0,
          "attributes": {
            "bucket": "devops-dev.supptech.net.br",
            "id": "devops-dev.supptech.net.br",
            "policy": "{\"Statement\":[{\"Action\":\"s3:GetObject\",\"Effect\":\"Allow\",\"Principal\":\"*\",\"Resource\":\"arn:aws:s3:::devops-dev.supptech.net.br/*\",\"Sid\":\"PublicRead\"}],\"Version\":\"2012-10-17\"}"
          },
          "sensitive_attributes": [],
          "private": "bnVsbA==",
          "dependencies": [
            "module.upload_bucket.aws_s3_bucket.upload_bucket",
            "module.upload_bucket.aws_s3_bucket_public_access_block.upload_bucket"
          ]
        }
      ]
    },
    {
      "module": "module.upload_bucket",
      "mode": "managed",
      "type": "aws_s3_bucket_public_access_block",
      "name": "upload_bucket",
      "provider": "provider[\"registry.terraform.io/hashicorp/aws\"]",
      "instances": [
        {
          "schema_version": 0,
          "attributes": {
            "block_public_acls": false,
            "block_public_policy": false,
            "bucket": "devops-dev.supptech.net.br",
            "id": "devops-dev.supptech.net.br",
            "ignore_public_acls": false,
            "restrict_public_buckets": false
          },
          "sensitive_attributes": [],
          "private": "bnVsbA==",
          "dependencies": [
            "module.upload_bucket.aws_s3_bucket.upload_bucket"
          ]
        }
      ]
    },
    {
      "module": "module.upload_bucket",
      "mode": "managed",
      "type": "aws_s3_bucket_versioning",
      "name": "upload_bucket",
      "provider": "provider[\"registry.terraform.io/hashicorp/aws\"]",
      "instances": [
        {
          "schema_version": 0,
          "attributes": {
            "bucket": "devops-dev.supptech.net.br",
            "expected_bucket_owner": "",
            "id": "devops-dev.supptech.net.br",
            "mfa": null,
            "versioning_configuration": [
              {
                "mfa_delete": "",
                "status": "Enabled"
              }
            ]
          },
          "sensitive_attributes": [],
          "private": "bnVsbA==",
          "dependencies": [
            "module.upload_bucket.aws_s3_bucket.upload_bucket"
          ]
        }
      ]
    }
  ],
  "check_results": null
}
